
Microsoft Visual Studio Solution File, Format Version 12.00
# Visual Studio 2013
VisualStudioVersion = 12.0.31101.0
MinimumVisualStudioVersion = 10.0.40219.1
Project("{FAE04EC0-301F-11D3-BF4B-00C04F79EFBC}") = "Lab2", "Lab2\Lab2.csproj", "{EB6D97F1-B0BA-4891-BC29-87D481CD9227}"
EndProject
Global
	GlobalSection(SolutionConfigurationPlatforms) = preSolution
		Debug|Any CPU = Debug|Any CPU
		Release|Any CPU = Release|Any CPU
	EndGlobalSection
	GlobalSection(ProjectConfigurationPlatforms) = postSolution
		{EB6D97F1-B0BA-4891-BC29-87D481CD9227}.Debug|Any CPU.ActiveCfg = Debug|Any CPU
		{EB6D97F1-B0BA-4891-BC29-87D481CD9227}.Debug|Any CPU.Build.0 = Debug|Any CPU
		{EB6D97F1-B0BA-4891-BC29-87D481CD9227}.Release|Any CPU.ActiveCfg = Release|Any CPU
		{EB6D97F1-B0BA-4891-BC29-87D481CD9227}.Release|Any CPU.Build.0 = Release|Any CPU
	EndGlobalSection
	GlobalSection(SolutionProperties) = preSolution
		HideSolutionNode = FALSE
	EndGlobalSection
EndGlobal
